
Microsoft Visual Studio Solution File, Format Version 12.00
# Visual Studio Version 17
VisualStudioVersion = 17.9.34714.143
MinimumVisualStudioVersion = 10.0.40219.1
Project("{9A19103F-16F7-4668-BE54-9A1E7A4F7556}") = "RecipeManagementAppWPF", "RecipeManagementAppWPF.csproj", "{EBFDD6CF-C5F5-4988-B94D-BE8F163F3725}"
EndProject
Project("{9A19103F-16F7-4668-BE54-9A1E7A4F7556}") = "RecipeManagementApp", "..\RecipeManagementApp-master\RecipeManagementApp-master\RecipeManagementApp\RecipeManagementApp.csproj", "{65BD4063-F968-489E-B169-F7A372864504}"
EndProject
Global
	GlobalSection(SolutionConfigurationPlatforms) = preSolution
		Debug|Any CPU = Debug|Any CPU
		Release|Any CPU = Release|Any CPU
	EndGlobalSection
	GlobalSection(ProjectConfigurationPlatforms) = postSolution
		{EBFDD6CF-C5F5-4988-B94D-BE8F163F3725}.Debug|Any CPU.ActiveCfg = Debug|Any CPU
		{EBFDD6CF-C5F5-4988-B94D-BE8F163F3725}.Debug|Any CPU.Build.0 = Debug|Any CPU
		{EBFDD6CF-C5F5-4988-B94D-BE8F163F3725}.Release|Any CPU.ActiveCfg = Release|Any CPU
		{EBFDD6CF-C5F5-4988-B94D-BE8F163F3725}.Release|Any CPU.Build.0 = Release|Any CPU
		{65BD4063-F968-489E-B169-F7A372864504}.Debug|Any CPU.ActiveCfg = Debug|Any CPU
		{65BD4063-F968-489E-B169-F7A372864504}.Debug|Any CPU.Build.0 = Debug|Any CPU
		{65BD4063-F968-489E-B169-F7A372864504}.Release|Any CPU.ActiveCfg = Release|Any CPU
		{65BD4063-F968-489E-B169-F7A372864504}.Release|Any CPU.Build.0 = Release|Any CPU
	EndGlobalSection
	GlobalSection(SolutionProperties) = preSolution
		HideSolutionNode = FALSE
	EndGlobalSection
	GlobalSection(ExtensibilityGlobals) = postSolution
		SolutionGuid = {6E148B88-B872-4F60-84D9-CD9FCF93A8DF}
	EndGlobalSection
EndGlobal
